
Microsoft Visual Studio Solution File, Format Version 12.00
# Visual Studio 15
VisualStudioVersion = 15.0.28307.489
MinimumVisualStudioVersion = 10.0.40219.1
Project("{FAE04EC0-301F-11D3-BF4B-00C04F79EFBC}") = "EloadasProject", "EloadasProject\EloadasProject.csproj", "{6D3A73BC-93F0-474E-94EF-499C80984AB5}"
EndProject
Global
	GlobalSection(SolutionConfigurationPlatforms) = preSolution
		Debug|Any CPU = Debug|Any CPU
		Release|Any CPU = Release|Any CPU
	EndGlobalSection
	GlobalSection(ProjectConfigurationPlatforms) = postSolution
		{6D3A73BC-93F0-474E-94EF-499C80984AB5}.Debug|Any CPU.ActiveCfg = Debug|Any CPU
		{6D3A73BC-93F0-474E-94EF-499C80984AB5}.Debug|Any CPU.Build.0 = Debug|Any CPU
		{6D3A73BC-93F0-474E-94EF-499C80984AB5}.Release|Any CPU.ActiveCfg = Release|Any CPU
		{6D3A73BC-93F0-474E-94EF-499C80984AB5}.Release|Any CPU.Build.0 = Release|Any CPU
	EndGlobalSection
	GlobalSection(SolutionProperties) = preSolution
		HideSolutionNode = FALSE
	EndGlobalSection
	GlobalSection(ExtensibilityGlobals) = postSolution
		SolutionGuid = {2FBA8C22-B341-476D-AA6E-726CD4A893CC}
	EndGlobalSection
EndGlobal
